// !$*UTF8*$!
{
	archiveVersion = 1;
	classes = {
	};
	objectVersion = 46;
	objects = {

/* Begin PBXBuildFile section */
		29132CF017584B590087B63A /* MapKit.framework in Frameworks */ = {isa = PBXBuildFile; fileRef = 29132CEF17584B590087B63A /* MapKit.framework */; };
		29132CF217584B5E0087B63A /* CoreLocation.framework in Frameworks */ = {isa = PBXBuildFile; fileRef = 29132CF117584B5E0087B63A /* CoreLocation.framework */; };
		29132CF5175859980087B63A /* FourSquareVenue.m in Sources */ = {isa = PBXBuildFile; fileRef = 29132CF4175859980087B63A /* FourSquareVenue.m */; };
		29132CF817585EE20087B63A /* TappedPhotoAnnotation.m in Sources */ = {isa = PBXBuildFile; fileRef = 29132CF717585EE10087B63A /* TappedPhotoAnnotation.m */; };
		29132CFC175862BD0087B63A /* TappedPhotoAnnotationView.m in Sources */ = {isa = PBXBuildFile; fileRef = 29132CFB175862BC0087B63A /* TappedPhotoAnnotationView.m */; };
		29368EE1175C5A0B0092B6F9 /* Dig_Deeper_BottomBar_v2.png in Resources */ = {isa = PBXBuildFile; fileRef = 29368EE0175C5A0B0092B6F9 /* Dig_Deeper_BottomBar_v2.png */; };
		2943AAC1175BC009003E7C20 /* FSVenueDetailViewController.m in Sources */ = {isa = PBXBuildFile; fileRef = 2943AAC0175BC009003E7C20 /* FSVenueDetailViewController.m */; };
		2943AAC6175BC087003E7C20 /* WikiDragUpView.m in Sources */ = {isa = PBXBuildFile; fileRef = 2943AAC5175BC087003E7C20 /* WikiDragUpView.m */; };
		2943AACB175C03E5003E7C20 /* upArrow.png in Resources */ = {isa = PBXBuildFile; fileRef = 2943AACA175C03E4003E7C20 /* upArrow.png */; };
		295D521E175D3FCB00999FA1 /* RecentCheckInsViewController.m in Sources */ = {isa = PBXBuildFile; fileRef = 295D521D175D3FCB00999FA1 /* RecentCheckInsViewController.m */; };
		296114C817581F360081AE55 /* FlickrTappedViewController.m in Sources */ = {isa = PBXBuildFile; fileRef = 296114C717581F360081AE55 /* FlickrTappedViewController.m */; };
		29A2E5DC1758FFFA00E080A6 /* OrangeMapPin_WithPhoto.png in Resources */ = {isa = PBXBuildFile; fileRef = 29A2E5DB1758FFFA00E080A6 /* OrangeMapPin_WithPhoto.png */; };
		5BD5179A1755B82D00703400 /* UIKit.framework in Frameworks */ = {isa = PBXBuildFile; fileRef = 5BD517991755B82D00703400 /* UIKit.framework */; };
		5BD5179C1755B82D00703400 /* Foundation.framework in Frameworks */ = {isa = PBXBuildFile; fileRef = 5BD5179B1755B82D00703400 /* Foundation.framework */; };
		5BD5179E1755B82D00703400 /* CoreGraphics.framework in Frameworks */ = {isa = PBXBuildFile; fileRef = 5BD5179D1755B82D00703400 /* CoreGraphics.framework */; };
		5BD517A41755B82D00703400 /* InfoPlist.strings in Resources */ = {isa = PBXBuildFile; fileRef = 5BD517A21755B82D00703400 /* InfoPlist.strings */; };
		5BD517A61755B82D00703400 /* main.m in Sources */ = {isa = PBXBuildFile; fileRef = 5BD517A51755B82D00703400 /* main.m */; };
		5BD517AA1755B82D00703400 /* AppDelegate.m in Sources */ = {isa = PBXBuildFile; fileRef = 5BD517A91755B82D00703400 /* AppDelegate.m */; };
		5BD517AC1755B82D00703400 /* Default.png in Resources */ = {isa = PBXBuildFile; fileRef = 5BD517AB1755B82D00703400 /* Default.png */; };
		5BD517AE1755B82D00703400 /* Default@2x.png in Resources */ = {isa = PBXBuildFile; fileRef = 5BD517AD1755B82D00703400 /* Default@2x.png */; };
		5BD517B01755B82D00703400 /* Default-568h@2x.png in Resources */ = {isa = PBXBuildFile; fileRef = 5BD517AF1755B82D00703400 /* Default-568h@2x.png */; };
		5BD517B31755B82D00703400 /* MainStoryboard.storyboard in Resources */ = {isa = PBXBuildFile; fileRef = 5BD517B11755B82D00703400 /* MainStoryboard.storyboard */; };
		5BD517B61755B82D00703400 /* ViewController.m in Sources */ = {isa = PBXBuildFile; fileRef = 5BD517B51755B82D00703400 /* ViewController.m */; };
		5BD517C51755B87D00703400 /* QuartzCore.framework in Frameworks */ = {isa = PBXBuildFile; fileRef = 5BD517C41755B87D00703400 /* QuartzCore.framework */; };
		5BD517C71755BFE500703400 /* 4413812555_7a16d2c02b_z.jpg in Resources */ = {isa = PBXBuildFile; fileRef = 5BD517C61755BFE500703400 /* 4413812555_7a16d2c02b_z.jpg */; };
		A4673DC91759616800FD0E6C /* connect-white.png in Resources */ = {isa = PBXBuildFile; fileRef = A4673DC81759616800FD0E6C /* connect-white.png */; };
		A4673DCC175962F000FD0E6C /* LandingViewController.m in Sources */ = {isa = PBXBuildFile; fileRef = A4673DCB175962F000FD0E6C /* LandingViewController.m */; };
		A4673DD0175A745B00FD0E6C /* grassyTableCell.png in Resources */ = {isa = PBXBuildFile; fileRef = A4673DCF175A745B00FD0E6C /* grassyTableCell.png */; };
		A4673DDB175A7E2400FD0E6C /* BunnyTail.m in Sources */ = {isa = PBXBuildFile; fileRef = A4673DDA175A7E2400FD0E6C /* BunnyTail.m */; };
		A4673E06175D27DA00FD0E6C /* rabbit-hole-home.png in Resources */ = {isa = PBXBuildFile; fileRef = A4673E05175D27DA00FD0E6C /* rabbit-hole-home.png */; };
		A4764F60176170E9003DE858 /* rabbitNavBar-sky.png in Resources */ = {isa = PBXBuildFile; fileRef = A4764F5F176170E9003DE858 /* rabbitNavBar-sky.png */; };
		A4764F621761714E003DE858 /* RabbitNavBar.png in Resources */ = {isa = PBXBuildFile; fileRef = A4764F611761714E003DE858 /* RabbitNavBar.png */; };
		A4D78E341795CA6200F165DD /* Znikomit.otf in Resources */ = {isa = PBXBuildFile; fileRef = A4D78E331795A1AA00F165DD /* Znikomit.otf */; };
		A4E107E2175EB3FD00CCA1AD /* FSVenueDetail-WikiCell.m in Sources */ = {isa = PBXBuildFile; fileRef = A4E107E1175EB3FD00CCA1AD /* FSVenueDetail-WikiCell.m */; };
		A4E107E8175EE2DE00CCA1AD /* FSVenueDetail-WikiObject.m in Sources */ = {isa = PBXBuildFile; fileRef = A4E107E7175EE2DE00CCA1AD /* FSVenueDetail-WikiObject.m */; };
		A4E107EA175F01E100CCA1AD /* app-icon.png in Resources */ = {isa = PBXBuildFile; fileRef = A4E107E9175F01E000CCA1AD /* app-icon.png */; };
		A4E1BA04179755FE0008733E /* rabbit-hole-landing.png in Resources */ = {isa = PBXBuildFile; fileRef = A4E1BA03179755FE0008733E /* rabbit-hole-landing.png */; };
		A4E1BA06179757270008733E /* rabbit-hole-landingTail.png in Resources */ = {isa = PBXBuildFile; fileRef = A4E1BA05179757270008733E /* rabbit-hole-landingTail.png */; };
		A4F464F017566ABE008D2C98 /* FlickrByLocCell.m in Sources */ = {isa = PBXBuildFile; fileRef = A4F464E717566ABE008D2C98 /* FlickrByLocCell.m */; };
		A4F464F117566ABE008D2C98 /* FlickrByLocViewController.m in Sources */ = {isa = PBXBuildFile; fileRef = A4F464E917566ABE008D2C98 /* FlickrByLocViewController.m */; };
		A4F464F217566ABE008D2C98 /* FlickrByTagCell.m in Sources */ = {isa = PBXBuildFile; fileRef = A4F464EB17566ABE008D2C98 /* FlickrByTagCell.m */; };
		A4F464F317566ABE008D2C98 /* FlickrByTagViewController.m in Sources */ = {isa = PBXBuildFile; fileRef = A4F464ED17566ABE008D2C98 /* FlickrByTagViewController.m */; };
		A4F464F417566ABE008D2C98 /* SourceURLTags.m in Sources */ = {isa = PBXBuildFile; fileRef = A4F464EF17566ABE008D2C98 /* SourceURLTags.m */; };
/* End PBXBuildFile section */

/* Begin PBXFileReference section */
		29132CEF17584B590087B63A /* MapKit.framework */ = {isa = PBXFileReference; lastKnownFileType = wrapper.framework; name = MapKit.framework; path = System/Library/Frameworks/MapKit.framework; sourceTree = SDKROOT; };
		29132CF117584B5E0087B63A /* CoreLocation.framework */ = {isa = PBXFileReference; lastKnownFileType = wrapper.framework; name = CoreLocation.framework; path = System/Library/Frameworks/CoreLocation.framework; sourceTree = SDKROOT; };
		29132CF3175859980087B63A /* FourSquareVenue.h */ = {isa = PBXFileReference; fileEncoding = 4; lastKnownFileType = sourcecode.c.h; path = FourSquareVenue.h; sourceTree = "<group>"; };
		29132CF4175859980087B63A /* FourSquareVenue.m */ = {isa = PBXFileReference; fileEncoding = 4; lastKnownFileType = sourcecode.c.objc; path = FourSquareVenue.m; sourceTree = "<group>"; };
		29132CF617585EE10087B63A /* TappedPhotoAnnotation.h */ = {isa = PBXFileReference; fileEncoding = 4; lastKnownFileType = sourcecode.c.h; path = TappedPhotoAnnotation.h; sourceTree = "<group>"; };
		29132CF717585EE10087B63A /* TappedPhotoAnnotation.m */ = {isa = PBXFileReference; fileEncoding = 4; lastKnownFileType = sourcecode.c.objc; path = TappedPhotoAnnotation.m; sourceTree = "<group>"; };
		29132CFA175862BC0087B63A /* TappedPhotoAnnotationView.h */ = {isa = PBXFileReference; fileEncoding = 4; lastKnownFileType = sourcecode.c.h; path = TappedPhotoAnnotationView.h; sourceTree = "<group>"; };
		29132CFB175862BC0087B63A /* TappedPhotoAnnotationView.m */ = {isa = PBXFileReference; fileEncoding = 4; lastKnownFileType = sourcecode.c.objc; path = TappedPhotoAnnotationView.m; sourceTree = "<group>"; };
		29368EE0175C5A0B0092B6F9 /* Dig_Deeper_BottomBar_v2.png */ = {isa = PBXFileReference; lastKnownFileType = image.png; path = Dig_Deeper_BottomBar_v2.png; sourceTree = "<group>"; };
		2943AABF175BC009003E7C20 /* FSVenueDetailViewController.h */ = {isa = PBXFileReference; fileEncoding = 4; lastKnownFileType = sourcecode.c.h; path = FSVenueDetailViewController.h; sourceTree = "<group>"; };
		2943AAC0175BC009003E7C20 /* FSVenueDetailViewController.m */ = {isa = PBXFileReference; fileEncoding = 4; lastKnownFileType = sourcecode.c.objc; path = FSVenueDetailViewController.m; sourceTree = "<group>"; };
		2943AAC4175BC087003E7C20 /* WikiDragUpView.h */ = {isa = PBXFileReference; fileEncoding = 4; lastKnownFileType = sourcecode.c.h; path = WikiDragUpView.h; sourceTree = "<group>"; };
		2943AAC5175BC087003E7C20 /* WikiDragUpView.m */ = {isa = PBXFileReference; fileEncoding = 4; lastKnownFileType = sourcecode.c.objc; path = WikiDragUpView.m; sourceTree = "<group>"; };
		2943AACA175C03E4003E7C20 /* upArrow.png */ = {isa = PBXFileReference; lastKnownFileType = image.png; path = upArrow.png; sourceTree = "<group>"; };
		295D521C175D3FCB00999FA1 /* RecentCheckInsViewController.h */ = {isa = PBXFileReference; fileEncoding = 4; lastKnownFileType = sourcecode.c.h; path = RecentCheckInsViewController.h; sourceTree = "<group>"; };
		295D521D175D3FCB00999FA1 /* RecentCheckInsViewController.m */ = {isa = PBXFileReference; fileEncoding = 4; lastKnownFileType = sourcecode.c.objc; path = RecentCheckInsViewController.m; sourceTree = "<group>"; };
		296114C617581F360081AE55 /* FlickrTappedViewController.h */ = {isa = PBXFileReference; fileEncoding = 4; lastKnownFileType = sourcecode.c.h; path = FlickrTappedViewController.h; sourceTree = "<group>"; };
		296114C717581F360081AE55 /* FlickrTappedViewController.m */ = {isa = PBXFileReference; fileEncoding = 4; lastKnownFileType = sourcecode.c.objc; path = FlickrTappedViewController.m; sourceTree = "<group>"; };
		29A2E5DB1758FFFA00E080A6 /* OrangeMapPin_WithPhoto.png */ = {isa = PBXFileReference; lastKnownFileType = image.png; path = OrangeMapPin_WithPhoto.png; sourceTree = "<group>"; };
		5BD517961755B82D00703400 /* DonsDiscoveryApp.app */ = {isa = PBXFileReference; explicitFileType = wrapper.application; includeInIndex = 0; path = DonsDiscoveryApp.app; sourceTree = BUILT_PRODUCTS_DIR; };
		5BD517991755B82D00703400 /* UIKit.framework */ = {isa = PBXFileReference; lastKnownFileType = wrapper.framework; name = UIKit.framework; path = System/Library/Frameworks/UIKit.framework; sourceTree = SDKROOT; };
		5BD5179B1755B82D00703400 /* Foundation.framework */ = {isa = PBXFileReference; lastKnownFileType = wrapper.framework; name = Foundation.framework; path = System/Library/Frameworks/Foundation.framework; sourceTree = SDKROOT; };
		5BD5179D1755B82D00703400 /* CoreGraphics.framework */ = {isa = PBXFileReference; lastKnownFileType = wrapper.framework; name = CoreGraphics.framework; path = System/Library/Frameworks/CoreGraphics.framework; sourceTree = SDKROOT; };
		5BD517A11755B82D00703400 /* DonsDiscoveryApp-Info.plist */ = {isa = PBXFileReference; lastKnownFileType = text.plist.xml; path = "DonsDiscoveryApp-Info.plist"; sourceTree = "<group>"; };
		5BD517A31755B82D00703400 /* en */ = {isa = PBXFileReference; lastKnownFileType = text.plist.strings; name = en; path = en.lproj/InfoPlist.strings; sourceTree = "<group>"; };
		5BD517A51755B82D00703400 /* main.m */ = {isa = PBXFileReference; lastKnownFileType = sourcecode.c.objc; path = main.m; sourceTree = "<group>"; };
		5BD517A71755B82D00703400 /* DonsDiscoveryApp-Prefix.pch */ = {isa = PBXFileReference; lastKnownFileType = sourcecode.c.h; path = "DonsDiscoveryApp-Prefix.pch"; sourceTree = "<group>"; };
		5BD517A81755B82D00703400 /* AppDelegate.h */ = {isa = PBXFileReference; lastKnownFileType = sourcecode.c.h; path = AppDelegate.h; sourceTree = "<group>"; };
		5BD517A91755B82D00703400 /* AppDelegate.m */ = {isa = PBXFileReference; lastKnownFileType = sourcecode.c.objc; path = AppDelegate.m; sourceTree = "<group>"; };
		5BD517AB1755B82D00703400 /* Default.png */ = {isa = PBXFileReference; lastKnownFileType = image.png; path = Default.png; sourceTree = "<group>"; };
		5BD517AD1755B82D00703400 /* Default@2x.png */ = {isa = PBXFileReference; lastKnownFileType = image.png; path = "Default@2x.png"; sourceTree = "<group>"; };
		5BD517AF1755B82D00703400 /* Default-568h@2x.png */ = {isa = PBXFileReference; lastKnownFileType = image.png; path = "Default-568h@2x.png"; sourceTree = "<group>"; };
		5BD517B21755B82D00703400 /* en */ = {isa = PBXFileReference; lastKnownFileType = file.storyboard; name = en; path = en.lproj/MainStoryboard.storyboard; sourceTree = "<group>"; };
		5BD517B41755B82D00703400 /* ViewController.h */ = {isa = PBXFileReference; lastKnownFileType = sourcecode.c.h; path = ViewController.h; sourceTree = "<group>"; };
		5BD517B51755B82D00703400 /* ViewController.m */ = {isa = PBXFileReference; lastKnownFileType = sourcecode.c.objc; path = ViewController.m; sourceTree = "<group>"; };
		5BD517C41755B87D00703400 /* QuartzCore.framework */ = {isa = PBXFileReference; lastKnownFileType = wrapper.framework; name = QuartzCore.framework; path = System/Library/Frameworks/QuartzCore.framework; sourceTree = SDKROOT; };
		5BD517C61755BFE500703400 /* 4413812555_7a16d2c02b_z.jpg */ = {isa = PBXFileReference; lastKnownFileType = image.jpeg; path = 4413812555_7a16d2c02b_z.jpg; sourceTree = "<group>"; };
		A4673DC81759616800FD0E6C /* connect-white.png */ = {isa = PBXFileReference; lastKnownFileType = image.png; path = "connect-white.png"; sourceTree = "<group>"; };
		A4673DCA175962F000FD0E6C /* LandingViewController.h */ = {isa = PBXFileReference; fileEncoding = 4; lastKnownFileType = sourcecode.c.h; path = LandingViewController.h; sourceTree = "<group>"; };
		A4673DCB175962F000FD0E6C /* LandingViewController.m */ = {isa = PBXFileReference; fileEncoding = 4; lastKnownFileType = sourcecode.c.objc; path = LandingViewController.m; sourceTree = "<group>"; };
		A4673DCF175A745B00FD0E6C /* grassyTableCell.png */ = {isa = PBXFileReference; lastKnownFileType = image.png; path = grassyTableCell.png; sourceTree = "<group>"; };
		A4673DD9175A7E2400FD0E6C /* BunnyTail.h */ = {isa = PBXFileReference; fileEncoding = 4; lastKnownFileType = sourcecode.c.h; path = BunnyTail.h; sourceTree = "<group>"; };
		A4673DDA175A7E2400FD0E6C /* BunnyTail.m */ = {isa = PBXFileReference; fileEncoding = 4; lastKnownFileType = sourcecode.c.objc; path = BunnyTail.m; sourceTree = "<group>"; };
		A4673E05175D27DA00FD0E6C /* rabbit-hole-home.png */ = {isa = PBXFileReference; lastKnownFileType = image.png; path = "rabbit-hole-home.png"; sourceTree = "<group>"; };
		A4764F5F176170E9003DE858 /* rabbitNavBar-sky.png */ = {isa = PBXFileReference; lastKnownFileType = image.png; path = "rabbitNavBar-sky.png"; sourceTree = "<group>"; };
		A4764F611761714E003DE858 /* RabbitNavBar.png */ = {isa = PBXFileReference; lastKnownFileType = image.png; path = RabbitNavBar.png; sourceTree = "<group>"; };
		A4D78E331795A1AA00F165DD /* Znikomit.otf */ = {isa = PBXFileReference; lastKnownFileType = file; path = Znikomit.otf; sourceTree = "<group>"; };
		A4E107E0175EB3FD00CCA1AD /* FSVenueDetail-WikiCell.h */ = {isa = PBXFileReference; fileEncoding = 4; lastKnownFileType = sourcecode.c.h; path = "FSVenueDetail-WikiCell.h"; sourceTree = "<group>"; };
		A4E107E1175EB3FD00CCA1AD /* FSVenueDetail-WikiCell.m */ = {isa = PBXFileReference; fileEncoding = 4; lastKnownFileType = sourcecode.c.objc; path = "FSVenueDetail-WikiCell.m"; sourceTree = "<group>"; };
		A4E107E6175EE2DE00CCA1AD /* FSVenueDetail-WikiObject.h */ = {isa = PBXFileReference; fileEncoding = 4; lastKnownFileType = sourcecode.c.h; name = "FSVenueDetail-WikiObject.h"; path = "../FSVenueDetail-WikiObject.h"; sourceTree = "<group>"; };
		A4E107E7175EE2DE00CCA1AD /* FSVenueDetail-WikiObject.m */ = {isa = PBXFileReference; fileEncoding = 4; lastKnownFileType = sourcecode.c.objc; name = "FSVenueDetail-WikiObject.m"; path = "../FSVenueDetail-WikiObject.m"; sourceTree = "<group>"; };
		A4E107E9175F01E000CCA1AD /* app-icon.png */ = {isa = PBXFileReference; lastKnownFileType = image.png; name = "app-icon.png"; path = "../app-icon.png"; sourceTree = "<group>"; };
		A4E1BA03179755FE0008733E /* rabbit-hole-landing.png */ = {isa = PBXFileReference; lastKnownFileType = image.png; path = "rabbit-hole-landing.png"; sourceTree = "<group>"; };
		A4E1BA05179757270008733E /* rabbit-hole-landingTail.png */ = {isa = PBXFileReference; lastKnownFileType = image.png; path = "rabbit-hole-landingTail.png"; sourceTree = "<group>"; };
		A4F464E617566ABE008D2C98 /* FlickrByLocCell.h */ = {isa = PBXFileReference; fileEncoding = 4; lastKnownFileType = sourcecode.c.h; path = FlickrByLocCell.h; sourceTree = "<group>"; };
		A4F464E717566ABE008D2C98 /* FlickrByLocCell.m */ = {isa = PBXFileReference; fileEncoding = 4; lastKnownFileType = sourcecode.c.objc; path = FlickrByLocCell.m; sourceTree = "<group>"; };
		A4F464E817566ABE008D2C98 /* FlickrByLocViewController.h */ = {isa = PBXFileReference; fileEncoding = 4; lastKnownFileType = sourcecode.c.h; path = FlickrByLocViewController.h; sourceTree = "<group>"; };
		A4F464E917566ABE008D2C98 /* FlickrByLocViewController.m */ = {isa = PBXFileReference; fileEncoding = 4; lastKnownFileType = sourcecode.c.objc; path = FlickrByLocViewController.m; sourceTree = "<group>"; };
		A4F464EA17566ABE008D2C98 /* FlickrByTagCell.h */ = {isa = PBXFileReference; fileEncoding = 4; lastKnownFileType = sourcecode.c.h; path = FlickrByTagCell.h; sourceTree = "<group>"; };
		A4F464EB17566ABE008D2C98 /* FlickrByTagCell.m */ = {isa = PBXFileReference; fileEncoding = 4; lastKnownFileType = sourcecode.c.objc; path = FlickrByTagCell.m; sourceTree = "<group>"; };
		A4F464EC17566ABE008D2C98 /* FlickrByTagViewController.h */ = {isa = PBXFileReference; fileEncoding = 4; lastKnownFileType = sourcecode.c.h; path = FlickrByTagViewController.h; sourceTree = "<group>"; };
		A4F464ED17566ABE008D2C98 /* FlickrByTagViewController.m */ = {isa = PBXFileReference; fileEncoding = 4; lastKnownFileType = sourcecode.c.objc; path = FlickrByTagViewController.m; sourceTree = "<group>"; };
		A4F464EE17566ABE008D2C98 /* SourceURLTags.h */ = {isa = PBXFileReference; fileEncoding = 4; lastKnownFileType = sourcecode.c.h; path = SourceURLTags.h; sourceTree = "<group>"; };
		A4F464EF17566ABE008D2C98 /* SourceURLTags.m */ = {isa = PBXFileReference; fileEncoding = 4; lastKnownFileType = sourcecode.c.objc; path = SourceURLTags.m; sourceTree = "<group>"; };
/* End PBXFileReference section */

/* Begin PBXFrameworksBuildPhase section */
		5BD517931755B82D00703400 /* Frameworks */ = {
			isa = PBXFrameworksBuildPhase;
			buildActionMask = 2147483647;
			files = (
				29132CF217584B5E0087B63A /* CoreLocation.framework in Frameworks */,
				29132CF017584B590087B63A /* MapKit.framework in Frameworks */,
				5BD517C51755B87D00703400 /* QuartzCore.framework in Frameworks */,
				5BD5179A1755B82D00703400 /* UIKit.framework in Frameworks */,
				5BD5179C1755B82D00703400 /* Foundation.framework in Frameworks */,
				5BD5179E1755B82D00703400 /* CoreGraphics.framework in Frameworks */,
			);
			runOnlyForDeploymentPostprocessing = 0;
		};
/* End PBXFrameworksBuildPhase section */

/* Begin PBXGroup section */
		29132CF917585EF70087B63A /* Annotation Classes */ = {
			isa = PBXGroup;
			children = (
				29132CFA175862BC0087B63A /* TappedPhotoAnnotationView.h */,
				29132CFB175862BC0087B63A /* TappedPhotoAnnotationView.m */,
				29132CF717585EE10087B63A /* TappedPhotoAnnotation.m */,
				29132CF617585EE10087B63A /* TappedPhotoAnnotation.h */,
				29132CF4175859980087B63A /* FourSquareVenue.m */,
				29132CF3175859980087B63A /* FourSquareVenue.h */,
			);
			name = "Annotation Classes";
			sourceTree = "<group>";
		};
		29132CFD175865990087B63A /* UI Elements */ = {
			isa = PBXGroup;
			children = (
				29A2E5DB1758FFFA00E080A6 /* OrangeMapPin_WithPhoto.png */,
			);
			name = "UI Elements";
			sourceTree = "<group>";
		};
		2943AAC2175BC00E003E7C20 /* FlickrViews */ = {
			isa = PBXGroup;
			children = (
				A4F464EE17566ABE008D2C98 /* SourceURLTags.h */,
				A4F464EF17566ABE008D2C98 /* SourceURLTags.m */,
				A4F464ED17566ABE008D2C98 /* FlickrByTagViewController.m */,
				A4F464EC17566ABE008D2C98 /* FlickrByTagViewController.h */,
				296114C617581F360081AE55 /* FlickrTappedViewController.h */,
				296114C717581F360081AE55 /* FlickrTappedViewController.m */,
				A4F464E617566ABE008D2C98 /* FlickrByLocCell.h */,
				A4F464E717566ABE008D2C98 /* FlickrByLocCell.m */,
				A4F464E817566ABE008D2C98 /* FlickrByLocViewController.h */,
				A4F464E917566ABE008D2C98 /* FlickrByLocViewController.m */,
				A4F464EA17566ABE008D2C98 /* FlickrByTagCell.h */,
				A4F464EB17566ABE008D2C98 /* FlickrByTagCell.m */,
				295D521C175D3FCB00999FA1 /* RecentCheckInsViewController.h */,
				295D521D175D3FCB00999FA1 /* RecentCheckInsViewController.m */,
				A4F464EB17566ABE008D2C98 /* FlickrByTagCell.m */,
			);
			name = FlickrViews;
			sourceTree = "<group>";
		};
		2943AAC3175BC028003E7C20 /* VenueDetailViews  */ = {
			isa = PBXGroup;
			children = (
				2943AABF175BC009003E7C20 /* FSVenueDetailViewController.h */,
				2943AAC0175BC009003E7C20 /* FSVenueDetailViewController.m */,
				A4E107E0175EB3FD00CCA1AD /* FSVenueDetail-WikiCell.h */,
				A4E107E1175EB3FD00CCA1AD /* FSVenueDetail-WikiCell.m */,
				A4E107E6175EE2DE00CCA1AD /* FSVenueDetail-WikiObject.h */,
				A4E107E7175EE2DE00CCA1AD /* FSVenueDetail-WikiObject.m */,
				2943AAC4175BC087003E7C20 /* WikiDragUpView.h */,
				2943AAC5175BC087003E7C20 /* WikiDragUpView.m */,
			);
			name = "VenueDetailViews ";
			sourceTree = "<group>";
		};
		5BD5178D1755B82D00703400 = {
			isa = PBXGroup;
			children = (
				5BD5179F1755B82D00703400 /* DonsDiscoveryApp */,
				5BD517981755B82D00703400 /* Frameworks */,
				5BD517971755B82D00703400 /* Products */,
			);
			sourceTree = "<group>";
		};
		5BD517971755B82D00703400 /* Products */ = {
			isa = PBXGroup;
			children = (
				5BD517961755B82D00703400 /* DonsDiscoveryApp.app */,
			);
			name = Products;
			sourceTree = "<group>";
		};
		5BD517981755B82D00703400 /* Frameworks */ = {
			isa = PBXGroup;
			children = (
				29132CEF17584B590087B63A /* MapKit.framework */,
				29132CF117584B5E0087B63A /* CoreLocation.framework */,
				5BD517C41755B87D00703400 /* QuartzCore.framework */,
				5BD517991755B82D00703400 /* UIKit.framework */,
				5BD5179B1755B82D00703400 /* Foundation.framework */,
				5BD5179D1755B82D00703400 /* CoreGraphics.framework */,
			);
			name = Frameworks;
			sourceTree = "<group>";
		};
		5BD5179F1755B82D00703400 /* DonsDiscoveryApp */ = {
			isa = PBXGroup;
			children = (
				5BD517A81755B82D00703400 /* AppDelegate.h */,
				5BD517A91755B82D00703400 /* AppDelegate.m */,
				5BD517B11755B82D00703400 /* MainStoryboard.storyboard */,
				5BD517B41755B82D00703400 /* ViewController.h */,
				5BD517B51755B82D00703400 /* ViewController.m */,
				A4673DCA175962F000FD0E6C /* LandingViewController.h */,
				A4673DCB175962F000FD0E6C /* LandingViewController.m */,
				A4673DD9175A7E2400FD0E6C /* BunnyTail.h */,
				A4673DDA175A7E2400FD0E6C /* BunnyTail.m */,
				2943AAC2175BC00E003E7C20 /* FlickrViews */,
				2943AAC3175BC028003E7C20 /* VenueDetailViews  */,
				29132CF917585EF70087B63A /* Annotation Classes */,
				A4F464EA17566ABE008D2C98 /* FlickrByTagCell.h */,
				A4F464EC17566ABE008D2C98 /* FlickrByTagViewController.h */,
				A4F464ED17566ABE008D2C98 /* FlickrByTagViewController.m */,
				296114C617581F360081AE55 /* FlickrTappedViewController.h */,
				296114C717581F360081AE55 /* FlickrTappedViewController.m */,
				29132CF917585EF70087B63A /* Annotation Classes */,
				A4F464EE17566ABE008D2C98 /* SourceURLTags.h */,
				A4F464EF17566ABE008D2C98 /* SourceURLTags.m */,
				A4673DDD175ADCB700FD0E6C /* _unused Flickr by Location ViewCont. & Cell */,
				29132CFD175865990087B63A /* UI Elements */,
				5BD517A01755B82D00703400 /* Supporting Files */,
			);
			path = DonsDiscoveryApp;
			sourceTree = "<group>";
		};
		5BD517A01755B82D00703400 /* Supporting Files */ = {
			isa = PBXGroup;
			children = (
				A4E1BA05179757270008733E /* rabbit-hole-landingTail.png */,
				A4E1BA03179755FE0008733E /* rabbit-hole-landing.png */,
				A4D78E331795A1AA00F165DD /* Znikomit.otf */,
				A4764F611761714E003DE858 /* RabbitNavBar.png */,
				A4764F5F176170E9003DE858 /* rabbitNavBar-sky.png */,
				A4E107E9175F01E000CCA1AD /* app-icon.png */,
				A4673E05175D27DA00FD0E6C /* rabbit-hole-home.png */,
				2943AACA175C03E4003E7C20 /* upArrow.png */,
				29368EE0175C5A0B0092B6F9 /* Dig_Deeper_BottomBar_v2.png */,
				A4673DCF175A745B00FD0E6C /* grassyTableCell.png */,
				A4673DC81759616800FD0E6C /* connect-white.png */,
				5BD517C61755BFE500703400 /* 4413812555_7a16d2c02b_z.jpg */,
				5BD517A11755B82D00703400 /* DonsDiscoveryApp-Info.plist */,
				5BD517A21755B82D00703400 /* InfoPlist.strings */,
				5BD517A51755B82D00703400 /* main.m */,
				5BD517A71755B82D00703400 /* DonsDiscoveryApp-Prefix.pch */,
				5BD517AB1755B82D00703400 /* Default.png */,
				5BD517AD1755B82D00703400 /* Default@2x.png */,
				5BD517AF1755B82D00703400 /* Default-568h@2x.png */,
			);
			name = "Supporting Files";
			sourceTree = "<group>";
		};
		A4673DDD175ADCB700FD0E6C /* _unused Flickr by Location ViewCont. & Cell */ = {
			isa = PBXGroup;
			children = (
				A4F464E617566ABE008D2C98 /* FlickrByLocCell.h */,
				A4F464E717566ABE008D2C98 /* FlickrByLocCell.m */,
				A4F464E817566ABE008D2C98 /* FlickrByLocViewController.h */,
				A4F464E917566ABE008D2C98 /* FlickrByLocViewController.m */,
			);
			name = "_unused Flickr by Location ViewCont. & Cell";
			sourceTree = "<group>";
		};
/* End PBXGroup section */

/* Begin PBXNativeTarget section */
		5BD517951755B82D00703400 /* DonsDiscoveryApp */ = {
			isa = PBXNativeTarget;
			buildConfigurationList = 5BD517B91755B82D00703400 /* Build configuration list for PBXNativeTarget "DonsDiscoveryApp" */;
			buildPhases = (
				5BD517921755B82D00703400 /* Sources */,
				5BD517931755B82D00703400 /* Frameworks */,
				5BD517941755B82D00703400 /* Resources */,
			);
			buildRules = (
			);
			dependencies = (
			);
			name = DonsDiscoveryApp;
			productName = DonsDiscoveryApp;
			productReference = 5BD517961755B82D00703400 /* DonsDiscoveryApp.app */;
			productType = "com.apple.product-type.application";
		};
/* End PBXNativeTarget section */

/* Begin PBXProject section */
		5BD5178E1755B82D00703400 /* Project object */ = {
			isa = PBXProject;
			attributes = {
				LastUpgradeCheck = 0460;
				ORGANIZATIONNAME = "MMA Team 3";
			};
			buildConfigurationList = 5BD517911755B82D00703400 /* Build configuration list for PBXProject "DonsDiscoveryApp" */;
			compatibilityVersion = "Xcode 3.2";
			developmentRegion = English;
			hasScannedForEncodings = 0;
			knownRegions = (
				en,
			);
			mainGroup = 5BD5178D1755B82D00703400;
			productRefGroup = 5BD517971755B82D00703400 /* Products */;
			projectDirPath = "";
			projectRoot = "";
			targets = (
				5BD517951755B82D00703400 /* DonsDiscoveryApp */,
			);
		};
/* End PBXProject section */

/* Begin PBXResourcesBuildPhase section */
		5BD517941755B82D00703400 /* Resources */ = {
			isa = PBXResourcesBuildPhase;
			buildActionMask = 2147483647;
			files = (
				A4D78E341795CA6200F165DD /* Znikomit.otf in Resources */,
				5BD517A41755B82D00703400 /* InfoPlist.strings in Resources */,
				5BD517AC1755B82D00703400 /* Default.png in Resources */,
				5BD517AE1755B82D00703400 /* Default@2x.png in Resources */,
				5BD517B01755B82D00703400 /* Default-568h@2x.png in Resources */,
				5BD517B31755B82D00703400 /* MainStoryboard.storyboard in Resources */,
				5BD517C71755BFE500703400 /* 4413812555_7a16d2c02b_z.jpg in Resources */,
				29A2E5DC1758FFFA00E080A6 /* OrangeMapPin_WithPhoto.png in Resources */,
				A4673DC91759616800FD0E6C /* connect-white.png in Resources */,
				A4673DD0175A745B00FD0E6C /* grassyTableCell.png in Resources */,
				2943AACB175C03E5003E7C20 /* upArrow.png in Resources */,
				29368EE1175C5A0B0092B6F9 /* Dig_Deeper_BottomBar_v2.png in Resources */,
				A4673E06175D27DA00FD0E6C /* rabbit-hole-home.png in Resources */,
				A4E107EA175F01E100CCA1AD /* app-icon.png in Resources */,
				A4764F60176170E9003DE858 /* rabbitNavBar-sky.png in Resources */,
				A4764F621761714E003DE858 /* RabbitNavBar.png in Resources */,
				A4E1BA04179755FE0008733E /* rabbit-hole-landing.png in Resources */,
				A4E1BA06179757270008733E /* rabbit-hole-landingTail.png in Resources */,
			);
			runOnlyForDeploymentPostprocessing = 0;
		};
/* End PBXResourcesBuildPhase section */

/* Begin PBXSourcesBuildPhase section */
		5BD517921755B82D00703400 /* Sources */ = {
			isa = PBXSourcesBuildPhase;
			buildActionMask = 2147483647;
			files = (
				5BD517A61755B82D00703400 /* main.m in Sources */,
				5BD517AA1755B82D00703400 /* AppDelegate.m in Sources */,
				5BD517B61755B82D00703400 /* ViewController.m in Sources */,
				A4F464F017566ABE008D2C98 /* FlickrByLocCell.m in Sources */,
				A4F464F117566ABE008D2C98 /* FlickrByLocViewController.m in Sources */,
				A4F464F217566ABE008D2C98 /* FlickrByTagCell.m in Sources */,
				A4F464F317566ABE008D2C98 /* FlickrByTagViewController.m in Sources */,
				A4F464F417566ABE008D2C98 /* SourceURLTags.m in Sources */,
				296114C817581F360081AE55 /* FlickrTappedViewController.m in Sources */,
				29132CF5175859980087B63A /* FourSquareVenue.m in Sources */,
				29132CF817585EE20087B63A /* TappedPhotoAnnotation.m in Sources */,
				29132CFC175862BD0087B63A /* TappedPhotoAnnotationView.m in Sources */,
				A4673DCC175962F000FD0E6C /* LandingViewController.m in Sources */,
				A4673DDB175A7E2400FD0E6C /* BunnyTail.m in Sources */,
				2943AAC1175BC009003E7C20 /* FSVenueDetailViewController.m in Sources */,
				2943AAC6175BC087003E7C20 /* WikiDragUpView.m in Sources */,
				295D521E175D3FCB00999FA1 /* RecentCheckInsViewController.m in Sources */,
				A4E107E2175EB3FD00CCA1AD /* FSVenueDetail-WikiCell.m in Sources */,
				A4E107E8175EE2DE00CCA1AD /* FSVenueDetail-WikiObject.m in Sources */,
			);
			runOnlyForDeploymentPostprocessing = 0;
		};
/* End PBXSourcesBuildPhase section */

/* Begin PBXVariantGroup section */
		5BD517A21755B82D00703400 /* InfoPlist.strings */ = {
			isa = PBXVariantGroup;
			children = (
				5BD517A31755B82D00703400 /* en */,
			);
			name = InfoPlist.strings;
			sourceTree = "<group>";
		};
		5BD517B11755B82D00703400 /* MainStoryboard.storyboard */ = {
			isa = PBXVariantGroup;
			children = (
				5BD517B21755B82D00703400 /* en */,
			);
			name = MainStoryboard.storyboard;
			sourceTree = "<group>";
		};
/* End PBXVariantGroup section */

/* Begin XCBuildConfiguration section */
		5BD517B71755B82D00703400 /* Debug */ = {
			isa = XCBuildConfiguration;
			buildSettings = {
				ALWAYS_SEARCH_USER_PATHS = NO;
				CLANG_CXX_LANGUAGE_STANDARD = "gnu++0x";
				CLANG_CXX_LIBRARY = "libc++";
				CLANG_ENABLE_OBJC_ARC = YES;
				CLANG_WARN_CONSTANT_CONVERSION = YES;
				CLANG_WARN_EMPTY_BODY = YES;
				CLANG_WARN_ENUM_CONVERSION = YES;
				CLANG_WARN_INT_CONVERSION = YES;
				CLANG_WARN__DUPLICATE_METHOD_MATCH = YES;
				"CODE_SIGN_IDENTITY[sdk=iphoneos*]" = "iPhone Developer";
				COPY_PHASE_STRIP = NO;
				GCC_C_LANGUAGE_STANDARD = gnu99;
				GCC_DYNAMIC_NO_PIC = NO;
				GCC_OPTIMIZATION_LEVEL = 0;
				GCC_PREPROCESSOR_DEFINITIONS = (
					"DEBUG=1",
					"$(inherited)",
				);
				GCC_SYMBOLS_PRIVATE_EXTERN = NO;
				GCC_WARN_ABOUT_RETURN_TYPE = YES;
				GCC_WARN_UNINITIALIZED_AUTOS = YES;
				GCC_WARN_UNUSED_VARIABLE = YES;
				IPHONEOS_DEPLOYMENT_TARGET = 6.1;
				ONLY_ACTIVE_ARCH = YES;
				SDKROOT = iphoneos;
			};
			name = Debug;
		};
		5BD517B81755B82D00703400 /* Release */ = {
			isa = XCBuildConfiguration;
			buildSettings = {
				ALWAYS_SEARCH_USER_PATHS = NO;
				CLANG_CXX_LANGUAGE_STANDARD = "gnu++0x";
				CLANG_CXX_LIBRARY = "libc++";
				CLANG_ENABLE_OBJC_ARC = YES;
				CLANG_WARN_CONSTANT_CONVERSION = YES;
				CLANG_WARN_EMPTY_BODY = YES;
				CLANG_WARN_ENUM_CONVERSION = YES;
				CLANG_WARN_INT_CONVERSION = YES;
				CLANG_WARN__DUPLICATE_METHOD_MATCH = YES;
				"CODE_SIGN_IDENTITY[sdk=iphoneos*]" = "iPhone Developer";
				COPY_PHASE_STRIP = YES;
				GCC_C_LANGUAGE_STANDARD = gnu99;
				GCC_WARN_ABOUT_RETURN_TYPE = YES;
				GCC_WARN_UNINITIALIZED_AUTOS = YES;
				GCC_WARN_UNUSED_VARIABLE = YES;
				IPHONEOS_DEPLOYMENT_TARGET = 6.1;
				OTHER_CFLAGS = "-DNS_BLOCK_ASSERTIONS=1";
				SDKROOT = iphoneos;
				VALIDATE_PRODUCT = YES;
			};
			name = Release;
		};
		5BD517BA1755B82D00703400 /* Debug */ = {
			isa = XCBuildConfiguration;
			buildSettings = {
				GCC_PRECOMPILE_PREFIX_HEADER = YES;
				GCC_PREFIX_HEADER = "DonsDiscoveryApp/DonsDiscoveryApp-Prefix.pch";
				INFOPLIST_FILE = "DonsDiscoveryApp/DonsDiscoveryApp-Info.plist";
				PRODUCT_NAME = "$(TARGET_NAME)";
				WRAPPER_EXTENSION = app;
			};
			name = Debug;
		};
		5BD517BB1755B82D00703400 /* Release */ = {
			isa = XCBuildConfiguration;
			buildSettings = {
				GCC_PRECOMPILE_PREFIX_HEADER = YES;
				GCC_PREFIX_HEADER = "DonsDiscoveryApp/DonsDiscoveryApp-Prefix.pch";
				INFOPLIST_FILE = "DonsDiscoveryApp/DonsDiscoveryApp-Info.plist";
				PRODUCT_NAME = "$(TARGET_NAME)";
				WRAPPER_EXTENSION = app;
			};
			name = Release;
		};
/* End XCBuildConfiguration section */

/* Begin XCConfigurationList section */
		5BD517911755B82D00703400 /* Build configuration list for PBXProject "DonsDiscoveryApp" */ = {
			isa = XCConfigurationList;
			buildConfigurations = (
				5BD517B71755B82D00703400 /* Debug */,
				5BD517B81755B82D00703400 /* Release */,
			);
			defaultConfigurationIsVisible = 0;
			defaultConfigurationName = Release;
		};
		5BD517B91755B82D00703400 /* Build configuration list for PBXNativeTarget "DonsDiscoveryApp" */ = {
			isa = XCConfigurationList;
			buildConfigurations = (
				5BD517BA1755B82D00703400 /* Debug */,
				5BD517BB1755B82D00703400 /* Release */,
			);
			defaultConfigurationIsVisible = 0;
			defaultConfigurationName = Release;
		};
/* End XCConfigurationList section */
	};
	rootObject = 5BD5178E1755B82D00703400 /* Project object */;
}
